
Microsoft Visual Studio Solution File, Format Version 12.00
# Visual Studio 15
VisualStudioVersion = 15.0.27703.2026
MinimumVisualStudioVersion = 10.0.40219.1
Project("{FAE04EC0-301F-11D3-BF4B-00C04F79EFBC}") = "BinaryTreeApp", "BinaryTreeApp\BinaryTreeApp.csproj", "{AC06324F-0C82-4C98-BD04-66ADDC8996DE}"
EndProject
Global
	GlobalSection(SolutionConfigurationPlatforms) = preSolution
		Debug|Any CPU = Debug|Any CPU
		Release|Any CPU = Release|Any CPU
	EndGlobalSection
	GlobalSection(ProjectConfigurationPlatforms) = postSolution
		{AC06324F-0C82-4C98-BD04-66ADDC8996DE}.Debug|Any CPU.ActiveCfg = Debug|Any CPU
		{AC06324F-0C82-4C98-BD04-66ADDC8996DE}.Debug|Any CPU.Build.0 = Debug|Any CPU
		{AC06324F-0C82-4C98-BD04-66ADDC8996DE}.Release|Any CPU.ActiveCfg = Release|Any CPU
		{AC06324F-0C82-4C98-BD04-66ADDC8996DE}.Release|Any CPU.Build.0 = Release|Any CPU
	EndGlobalSection
	GlobalSection(SolutionProperties) = preSolution
		HideSolutionNode = FALSE
	EndGlobalSection
	GlobalSection(ExtensibilityGlobals) = postSolution
		SolutionGuid = {F078D551-A675-4143-B4FC-7C43E1A35849}
	EndGlobalSection
EndGlobal
