
Microsoft Visual Studio Solution File, Format Version 12.00
# Visual Studio 15
VisualStudioVersion = 15.0.27703.2035
MinimumVisualStudioVersion = 10.0.40219.1
Project("{FAE04EC0-301F-11D3-BF4B-00C04F79EFBC}") = "Index_ItemIsSame", "Index_ItemIsSame\Index_ItemIsSame.csproj", "{AB2B237C-5E4F-4CA9-A6F7-67FB608384C0}"
EndProject
Global
	GlobalSection(SolutionConfigurationPlatforms) = preSolution
		Debug|Any CPU = Debug|Any CPU
		Release|Any CPU = Release|Any CPU
	EndGlobalSection
	GlobalSection(ProjectConfigurationPlatforms) = postSolution
		{AB2B237C-5E4F-4CA9-A6F7-67FB608384C0}.Debug|Any CPU.ActiveCfg = Debug|Any CPU
		{AB2B237C-5E4F-4CA9-A6F7-67FB608384C0}.Debug|Any CPU.Build.0 = Debug|Any CPU
		{AB2B237C-5E4F-4CA9-A6F7-67FB608384C0}.Release|Any CPU.ActiveCfg = Release|Any CPU
		{AB2B237C-5E4F-4CA9-A6F7-67FB608384C0}.Release|Any CPU.Build.0 = Release|Any CPU
	EndGlobalSection
	GlobalSection(SolutionProperties) = preSolution
		HideSolutionNode = FALSE
	EndGlobalSection
	GlobalSection(ExtensibilityGlobals) = postSolution
		SolutionGuid = {2F20F7AC-B4C6-4DB5-A162-BB4BA130F241}
	EndGlobalSection
EndGlobal
