
Microsoft Visual Studio Solution File, Format Version 12.00
# Visual Studio 15
VisualStudioVersion = 15.0.27703.2035
MinimumVisualStudioVersion = 10.0.40219.1
Project("{FAE04EC0-301F-11D3-BF4B-00C04F79EFBC}") = "InversionCount", "InversionCount\InversionCount.csproj", "{C6927E80-1E5A-4429-925B-07491F2717F4}"
EndProject
Global
	GlobalSection(SolutionConfigurationPlatforms) = preSolution
		Debug|Any CPU = Debug|Any CPU
		Release|Any CPU = Release|Any CPU
	EndGlobalSection
	GlobalSection(ProjectConfigurationPlatforms) = postSolution
		{C6927E80-1E5A-4429-925B-07491F2717F4}.Debug|Any CPU.ActiveCfg = Debug|Any CPU
		{C6927E80-1E5A-4429-925B-07491F2717F4}.Debug|Any CPU.Build.0 = Debug|Any CPU
		{C6927E80-1E5A-4429-925B-07491F2717F4}.Release|Any CPU.ActiveCfg = Release|Any CPU
		{C6927E80-1E5A-4429-925B-07491F2717F4}.Release|Any CPU.Build.0 = Release|Any CPU
	EndGlobalSection
	GlobalSection(SolutionProperties) = preSolution
		HideSolutionNode = FALSE
	EndGlobalSection
	GlobalSection(ExtensibilityGlobals) = postSolution
		SolutionGuid = {2B481425-1CED-45A8-A324-8F16CB1EA966}
	EndGlobalSection
EndGlobal
