
Microsoft Visual Studio Solution File, Format Version 12.00
# Visual Studio 15
VisualStudioVersion = 15.0.27703.2035
MinimumVisualStudioVersion = 10.0.40219.1
Project("{FAE04EC0-301F-11D3-BF4B-00C04F79EFBC}") = "HeapApp", "HeapApp\HeapApp.csproj", "{C16759AE-0D3D-4DC8-8233-F501E14FBC16}"
EndProject
Global
	GlobalSection(SolutionConfigurationPlatforms) = preSolution
		Debug|Any CPU = Debug|Any CPU
		Release|Any CPU = Release|Any CPU
	EndGlobalSection
	GlobalSection(ProjectConfigurationPlatforms) = postSolution
		{C16759AE-0D3D-4DC8-8233-F501E14FBC16}.Debug|Any CPU.ActiveCfg = Debug|Any CPU
		{C16759AE-0D3D-4DC8-8233-F501E14FBC16}.Debug|Any CPU.Build.0 = Debug|Any CPU
		{C16759AE-0D3D-4DC8-8233-F501E14FBC16}.Release|Any CPU.ActiveCfg = Release|Any CPU
		{C16759AE-0D3D-4DC8-8233-F501E14FBC16}.Release|Any CPU.Build.0 = Release|Any CPU
	EndGlobalSection
	GlobalSection(SolutionProperties) = preSolution
		HideSolutionNode = FALSE
	EndGlobalSection
	GlobalSection(ExtensibilityGlobals) = postSolution
		SolutionGuid = {7481B423-D3DC-4C71-BDD9-730E2AC01177}
	EndGlobalSection
EndGlobal
